
Microsoft Visual Studio Solution File, Format Version 12.00
# Visual Studio 15
VisualStudioVersion = 15.0.28010.2050
MinimumVisualStudioVersion = 10.0.40219.1
Project("{FAE04EC0-301F-11D3-BF4B-00C04F79EFBC}") = "GooglePaginationFramework", "GooglePaginationFramework\GooglePaginationFramework.csproj", "{6A3F95D2-FF08-453D-AB31-4AA2DC65204D}"
EndProject
Global
	GlobalSection(SolutionConfigurationPlatforms) = preSolution
		Debug|Any CPU = Debug|Any CPU
		Release|Any CPU = Release|Any CPU
	EndGlobalSection
	GlobalSection(ProjectConfigurationPlatforms) = postSolution
		{6A3F95D2-FF08-453D-AB31-4AA2DC65204D}.Debug|Any CPU.ActiveCfg = Debug|Any CPU
		{6A3F95D2-FF08-453D-AB31-4AA2DC65204D}.Debug|Any CPU.Build.0 = Debug|Any CPU
		{6A3F95D2-FF08-453D-AB31-4AA2DC65204D}.Release|Any CPU.ActiveCfg = Release|Any CPU
		{6A3F95D2-FF08-453D-AB31-4AA2DC65204D}.Release|Any CPU.Build.0 = Release|Any CPU
	EndGlobalSection
	GlobalSection(SolutionProperties) = preSolution
		HideSolutionNode = FALSE
	EndGlobalSection
	GlobalSection(ExtensibilityGlobals) = postSolution
		SolutionGuid = {14B90D50-9CFF-4B27-85FC-4840D4222B12}
	EndGlobalSection
EndGlobal
